
Microsoft Visual Studio Solution File, Format Version 12.00
# Visual Studio Version 17
VisualStudioVersion = 17.12.35728.132 d17.12
MinimumVisualStudioVersion = 10.0.40219.1
Project("{FAE04EC0-301F-11D3-BF4B-00C04F79EFBC}") = "Gestor_De_Musica", "Gestor_De_Musica\Gestor_De_Musica.csproj", "{215403F4-1BCF-41EB-9D2B-B833504F186B}"
EndProject
Global
	GlobalSection(SolutionConfigurationPlatforms) = preSolution
		Debug|Any CPU = Debug|Any CPU
		Release|Any CPU = Release|Any CPU
	EndGlobalSection
	GlobalSection(ProjectConfigurationPlatforms) = postSolution
		{215403F4-1BCF-41EB-9D2B-B833504F186B}.Debug|Any CPU.ActiveCfg = Debug|Any CPU
		{215403F4-1BCF-41EB-9D2B-B833504F186B}.Debug|Any CPU.Build.0 = Debug|Any CPU
		{215403F4-1BCF-41EB-9D2B-B833504F186B}.Release|Any CPU.ActiveCfg = Release|Any CPU
		{215403F4-1BCF-41EB-9D2B-B833504F186B}.Release|Any CPU.Build.0 = Release|Any CPU
	EndGlobalSection
	GlobalSection(SolutionProperties) = preSolution
		HideSolutionNode = FALSE
	EndGlobalSection
EndGlobal
